
Microsoft Visual Studio Solution File, Format Version 12.00
# Visual Studio Version 17
VisualStudioVersion = 17.6.33829.357
MinimumVisualStudioVersion = 10.0.40219.1
Project("{FAE04EC0-301F-11D3-BF4B-00C04F79EFBC}") = "UDP.Reciver", "UDP_Generator\UDP.Reciver.csproj", "{723466B8-DE98-4AAC-BF83-84F6AA5C6185}"
EndProject
Project("{FAE04EC0-301F-11D3-BF4B-00C04F79EFBC}") = "UDP.Sender", "UDP.Sender\UDP.Sender.csproj", "{D7CDF094-FD3F-4464-9846-F853AEEA818D}"
EndProject
Project("{FAE04EC0-301F-11D3-BF4B-00C04F79EFBC}") = "UDP.Core", "UDP.Core\UDP.Core.csproj", "{1F3CCF0B-C2C7-4484-ABD2-3C51CD7553D0}"
EndProject
Global
	GlobalSection(SolutionConfigurationPlatforms) = preSolution
		Debug|Any CPU = Debug|Any CPU
		Release|Any CPU = Release|Any CPU
	EndGlobalSection
	GlobalSection(ProjectConfigurationPlatforms) = postSolution
		{723466B8-DE98-4AAC-BF83-84F6AA5C6185}.Debug|Any CPU.ActiveCfg = Debug|Any CPU
		{723466B8-DE98-4AAC-BF83-84F6AA5C6185}.Debug|Any CPU.Build.0 = Debug|Any CPU
		{723466B8-DE98-4AAC-BF83-84F6AA5C6185}.Release|Any CPU.ActiveCfg = Release|Any CPU
		{723466B8-DE98-4AAC-BF83-84F6AA5C6185}.Release|Any CPU.Build.0 = Release|Any CPU
		{D7CDF094-FD3F-4464-9846-F853AEEA818D}.Debug|Any CPU.ActiveCfg = Debug|Any CPU
		{D7CDF094-FD3F-4464-9846-F853AEEA818D}.Debug|Any CPU.Build.0 = Debug|Any CPU
		{D7CDF094-FD3F-4464-9846-F853AEEA818D}.Release|Any CPU.ActiveCfg = Release|Any CPU
		{D7CDF094-FD3F-4464-9846-F853AEEA818D}.Release|Any CPU.Build.0 = Release|Any CPU
		{1F3CCF0B-C2C7-4484-ABD2-3C51CD7553D0}.Debug|Any CPU.ActiveCfg = Debug|Any CPU
		{1F3CCF0B-C2C7-4484-ABD2-3C51CD7553D0}.Debug|Any CPU.Build.0 = Debug|Any CPU
		{1F3CCF0B-C2C7-4484-ABD2-3C51CD7553D0}.Release|Any CPU.ActiveCfg = Release|Any CPU
		{1F3CCF0B-C2C7-4484-ABD2-3C51CD7553D0}.Release|Any CPU.Build.0 = Release|Any CPU
	EndGlobalSection
	GlobalSection(SolutionProperties) = preSolution
		HideSolutionNode = FALSE
	EndGlobalSection
	GlobalSection(ExtensibilityGlobals) = postSolution
		SolutionGuid = {544B754E-5F91-4D81-B10B-F1FC7FE5EF38}
	EndGlobalSection
EndGlobal
